
Microsoft Visual Studio Solution File, Format Version 12.00
# Visual Studio Version 17
VisualStudioVersion = 17.11.35327.3
MinimumVisualStudioVersion = 10.0.40219.1
Project("{FAE04EC0-301F-11D3-BF4B-00C04F79EFBC}") = "simulatorVirtualMemory", "simulatorVirtualMemory\simulatorVirtualMemory.csproj", "{3E8C6FC0-6CBE-4306-80B3-6586F0FB3EAC}"
EndProject
Global
	GlobalSection(SolutionConfigurationPlatforms) = preSolution
		Debug|Any CPU = Debug|Any CPU
		Release|Any CPU = Release|Any CPU
	EndGlobalSection
	GlobalSection(ProjectConfigurationPlatforms) = postSolution
		{3E8C6FC0-6CBE-4306-80B3-6586F0FB3EAC}.Debug|Any CPU.ActiveCfg = Debug|Any CPU
		{3E8C6FC0-6CBE-4306-80B3-6586F0FB3EAC}.Debug|Any CPU.Build.0 = Debug|Any CPU
		{3E8C6FC0-6CBE-4306-80B3-6586F0FB3EAC}.Release|Any CPU.ActiveCfg = Release|Any CPU
		{3E8C6FC0-6CBE-4306-80B3-6586F0FB3EAC}.Release|Any CPU.Build.0 = Release|Any CPU
	EndGlobalSection
	GlobalSection(SolutionProperties) = preSolution
		HideSolutionNode = FALSE
	EndGlobalSection
	GlobalSection(ExtensibilityGlobals) = postSolution
		SolutionGuid = {1F80E9A3-60D8-4B9A-A29E-8F0CADD2655F}
	EndGlobalSection
EndGlobal
